
Microsoft Visual Studio Solution File, Format Version 12.00
# Visual Studio Version 17
VisualStudioVersion = 17.7.34031.279
MinimumVisualStudioVersion = 10.0.40219.1
Project("{FAE04EC0-301F-11D3-BF4B-00C04F79EFBC}") = "TP4 Dev", "TP4 Dev\TP4 Dev.csproj", "{0FC7882E-B332-46AC-AC1A-BA31BDC33774}"
EndProject
Global
	GlobalSection(SolutionConfigurationPlatforms) = preSolution
		Debug|Any CPU = Debug|Any CPU
		Release|Any CPU = Release|Any CPU
	EndGlobalSection
	GlobalSection(ProjectConfigurationPlatforms) = postSolution
		{0FC7882E-B332-46AC-AC1A-BA31BDC33774}.Debug|Any CPU.ActiveCfg = Debug|Any CPU
		{0FC7882E-B332-46AC-AC1A-BA31BDC33774}.Debug|Any CPU.Build.0 = Debug|Any CPU
		{0FC7882E-B332-46AC-AC1A-BA31BDC33774}.Release|Any CPU.ActiveCfg = Release|Any CPU
		{0FC7882E-B332-46AC-AC1A-BA31BDC33774}.Release|Any CPU.Build.0 = Release|Any CPU
	EndGlobalSection
	GlobalSection(SolutionProperties) = preSolution
		HideSolutionNode = FALSE
	EndGlobalSection
	GlobalSection(ExtensibilityGlobals) = postSolution
		SolutionGuid = {DF53F446-1031-4F23-85A4-5B32C60F0C85}
	EndGlobalSection
EndGlobal
